
Microsoft Visual Studio Solution File, Format Version 12.00
# Visual Studio Version 17
VisualStudioVersion = 17.14.36511.14 d17.14
MinimumVisualStudioVersion = 10.0.40219.1
Project("{FAE04EC0-301F-11D3-BF4B-00C04F79EFBC}") = "BMI計算機", "BMI計算機\BMI計算機.csproj", "{9BD6637C-A1A1-4DC0-9E2B-F814C062232F}"
EndProject
Global
	GlobalSection(SolutionConfigurationPlatforms) = preSolution
		Debug|Any CPU = Debug|Any CPU
		Release|Any CPU = Release|Any CPU
	EndGlobalSection
	GlobalSection(ProjectConfigurationPlatforms) = postSolution
		{9BD6637C-A1A1-4DC0-9E2B-F814C062232F}.Debug|Any CPU.ActiveCfg = Debug|Any CPU
		{9BD6637C-A1A1-4DC0-9E2B-F814C062232F}.Debug|Any CPU.Build.0 = Debug|Any CPU
		{9BD6637C-A1A1-4DC0-9E2B-F814C062232F}.Release|Any CPU.ActiveCfg = Release|Any CPU
		{9BD6637C-A1A1-4DC0-9E2B-F814C062232F}.Release|Any CPU.Build.0 = Release|Any CPU
	EndGlobalSection
	GlobalSection(SolutionProperties) = preSolution
		HideSolutionNode = FALSE
	EndGlobalSection
	GlobalSection(ExtensibilityGlobals) = postSolution
		SolutionGuid = {BD682DB3-0B48-4D2F-B0E8-A016A674D75E}
	EndGlobalSection
EndGlobal
